
Microsoft Visual Studio Solution File, Format Version 12.00
# Visual Studio Version 16
VisualStudioVersion = 16.0.28729.10
MinimumVisualStudioVersion = 10.0.40219.1
Project("{FAE04EC0-301F-11D3-BF4B-00C04F79EFBC}") = "SigAuth", "SigAuth\SigAuth.csproj", "{B62C1C4A-9098-474B-951C-4EA98171CBDE}"
	ProjectSection(ProjectDependencies) = postProject
		{802E4A0F-4349-4583-B93E-EC151BA60145} = {802E4A0F-4349-4583-B93E-EC151BA60145}
	EndProjectSection
EndProject
Project("{9A19103F-16F7-4668-BE54-9A1E7A4F7556}") = "SignaturePad.Android", "SigPad\SignaturePad.Android\SignaturePad.Android.csproj", "{149536B0-DD26-4B87-A1C2-B22BC5AA95F4}"
EndProject
Project("{FAE04EC0-301F-11D3-BF4B-00C04F79EFBC}") = "IntermediateLib", "IntermediateLib\IntermediateLib.csproj", "{802E4A0F-4349-4583-B93E-EC151BA60145}"
EndProject
Project("{FAE04EC0-301F-11D3-BF4B-00C04F79EFBC}") = "StorageAdapter", "StorageAdapter\StorageAdapter.csproj", "{B919AA7A-5376-4312-A5C3-5AC4FE79B904}"
EndProject
Project("{9A19103F-16F7-4668-BE54-9A1E7A4F7556}") = "SharedClasses", "SharedClasses\SharedClasses.csproj", "{87533713-F0DA-4C5F-84AF-70C8C86550D0}"
EndProject
Project("{9A19103F-16F7-4668-BE54-9A1E7A4F7556}") = "SparseDtwLib", "SparseDtwLib\SparseDtwLib.csproj", "{1032BBE5-D384-48CD-954C-A5F5C6C4DAB6}"
EndProject
Project("{9A19103F-16F7-4668-BE54-9A1E7A4F7556}") = "EpwLib", "EpwLib\EpwLib.csproj", "{3662DD83-88F7-4C88-9A5F-9705B3334169}"
EndProject
Project("{9A19103F-16F7-4668-BE54-9A1E7A4F7556}") = "MatrixLib", "MatrixLib\MatrixLib.csproj", "{3795FD91-F502-4567-A06A-1030946BA265}"
EndProject
Project("{9A19103F-16F7-4668-BE54-9A1E7A4F7556}") = "WaveletStudio", "WaveletLib\WaveletStudio.csproj", "{1789DAE2-6617-4BA1-956F-DC8F80DE938E}"
EndProject
Project("{FAE04EC0-301F-11D3-BF4B-00C04F79EFBC}") = "DwtSig", "DwtSig\DwtSig.csproj", "{62362C3C-1738-4A8A-AAC2-5FA46AFC6CC1}"
EndProject
Global
	GlobalSection(SolutionConfigurationPlatforms) = preSolution
		Debug|Any CPU = Debug|Any CPU
		Release|Any CPU = Release|Any CPU
	EndGlobalSection
	GlobalSection(ProjectConfigurationPlatforms) = postSolution
		{B62C1C4A-9098-474B-951C-4EA98171CBDE}.Debug|Any CPU.ActiveCfg = Debug|Any CPU
		{B62C1C4A-9098-474B-951C-4EA98171CBDE}.Debug|Any CPU.Build.0 = Debug|Any CPU
		{B62C1C4A-9098-474B-951C-4EA98171CBDE}.Debug|Any CPU.Deploy.0 = Debug|Any CPU
		{B62C1C4A-9098-474B-951C-4EA98171CBDE}.Release|Any CPU.ActiveCfg = Release|Any CPU
		{B62C1C4A-9098-474B-951C-4EA98171CBDE}.Release|Any CPU.Build.0 = Release|Any CPU
		{B62C1C4A-9098-474B-951C-4EA98171CBDE}.Release|Any CPU.Deploy.0 = Release|Any CPU
		{149536B0-DD26-4B87-A1C2-B22BC5AA95F4}.Debug|Any CPU.ActiveCfg = Debug|Any CPU
		{149536B0-DD26-4B87-A1C2-B22BC5AA95F4}.Debug|Any CPU.Build.0 = Debug|Any CPU
		{149536B0-DD26-4B87-A1C2-B22BC5AA95F4}.Release|Any CPU.ActiveCfg = Release|Any CPU
		{149536B0-DD26-4B87-A1C2-B22BC5AA95F4}.Release|Any CPU.Build.0 = Release|Any CPU
		{802E4A0F-4349-4583-B93E-EC151BA60145}.Debug|Any CPU.ActiveCfg = Debug|Any CPU
		{802E4A0F-4349-4583-B93E-EC151BA60145}.Debug|Any CPU.Build.0 = Debug|Any CPU
		{802E4A0F-4349-4583-B93E-EC151BA60145}.Release|Any CPU.ActiveCfg = Release|Any CPU
		{802E4A0F-4349-4583-B93E-EC151BA60145}.Release|Any CPU.Build.0 = Release|Any CPU
		{B919AA7A-5376-4312-A5C3-5AC4FE79B904}.Debug|Any CPU.ActiveCfg = Debug|Any CPU
		{B919AA7A-5376-4312-A5C3-5AC4FE79B904}.Debug|Any CPU.Build.0 = Debug|Any CPU
		{B919AA7A-5376-4312-A5C3-5AC4FE79B904}.Release|Any CPU.ActiveCfg = Release|Any CPU
		{B919AA7A-5376-4312-A5C3-5AC4FE79B904}.Release|Any CPU.Build.0 = Release|Any CPU
		{87533713-F0DA-4C5F-84AF-70C8C86550D0}.Debug|Any CPU.ActiveCfg = Debug|Any CPU
		{87533713-F0DA-4C5F-84AF-70C8C86550D0}.Debug|Any CPU.Build.0 = Debug|Any CPU
		{87533713-F0DA-4C5F-84AF-70C8C86550D0}.Release|Any CPU.ActiveCfg = Release|Any CPU
		{87533713-F0DA-4C5F-84AF-70C8C86550D0}.Release|Any CPU.Build.0 = Release|Any CPU
		{1032BBE5-D384-48CD-954C-A5F5C6C4DAB6}.Debug|Any CPU.ActiveCfg = Debug|Any CPU
		{1032BBE5-D384-48CD-954C-A5F5C6C4DAB6}.Debug|Any CPU.Build.0 = Debug|Any CPU
		{1032BBE5-D384-48CD-954C-A5F5C6C4DAB6}.Release|Any CPU.ActiveCfg = Release|Any CPU
		{1032BBE5-D384-48CD-954C-A5F5C6C4DAB6}.Release|Any CPU.Build.0 = Release|Any CPU
		{3662DD83-88F7-4C88-9A5F-9705B3334169}.Debug|Any CPU.ActiveCfg = Debug|Any CPU
		{3662DD83-88F7-4C88-9A5F-9705B3334169}.Debug|Any CPU.Build.0 = Debug|Any CPU
		{3662DD83-88F7-4C88-9A5F-9705B3334169}.Release|Any CPU.ActiveCfg = Release|Any CPU
		{3662DD83-88F7-4C88-9A5F-9705B3334169}.Release|Any CPU.Build.0 = Release|Any CPU
		{3795FD91-F502-4567-A06A-1030946BA265}.Debug|Any CPU.ActiveCfg = Debug|Any CPU
		{3795FD91-F502-4567-A06A-1030946BA265}.Debug|Any CPU.Build.0 = Debug|Any CPU
		{3795FD91-F502-4567-A06A-1030946BA265}.Release|Any CPU.ActiveCfg = Release|Any CPU
		{3795FD91-F502-4567-A06A-1030946BA265}.Release|Any CPU.Build.0 = Release|Any CPU
		{1789DAE2-6617-4BA1-956F-DC8F80DE938E}.Debug|Any CPU.ActiveCfg = Debug|Any CPU
		{1789DAE2-6617-4BA1-956F-DC8F80DE938E}.Debug|Any CPU.Build.0 = Debug|Any CPU
		{1789DAE2-6617-4BA1-956F-DC8F80DE938E}.Release|Any CPU.ActiveCfg = Release|Any CPU
		{1789DAE2-6617-4BA1-956F-DC8F80DE938E}.Release|Any CPU.Build.0 = Release|Any CPU
		{62362C3C-1738-4A8A-AAC2-5FA46AFC6CC1}.Debug|Any CPU.ActiveCfg = Debug|Any CPU
		{62362C3C-1738-4A8A-AAC2-5FA46AFC6CC1}.Debug|Any CPU.Build.0 = Debug|Any CPU
		{62362C3C-1738-4A8A-AAC2-5FA46AFC6CC1}.Release|Any CPU.ActiveCfg = Release|Any CPU
		{62362C3C-1738-4A8A-AAC2-5FA46AFC6CC1}.Release|Any CPU.Build.0 = Release|Any CPU
	EndGlobalSection
	GlobalSection(SolutionProperties) = preSolution
		HideSolutionNode = FALSE
	EndGlobalSection
	GlobalSection(ExtensibilityGlobals) = postSolution
		SolutionGuid = {33F9EFE7-A1DA-492B-95E2-797830157438}
	EndGlobalSection
EndGlobal
